// !$*UTF8*$!
{
	archiveVersion = 1;
	classes = {
	};
	objectVersion = 46;
	objects = {

/* Begin PBXBuildFile section */
		000622651CD4C6DA00EB022B /* AppDelegate.m in Sources */ = {isa = PBXBuildFile; fileRef = 000622641CD4C6DA00EB022B /* AppDelegate.m */; };
		000622681CD4C6DA00EB022B /* main.m in Sources */ = {isa = PBXBuildFile; fileRef = 000622671CD4C6DA00EB022B /* main.m */; };
		0006226B1CD4C6DA00EB022B /* ViewController.m in Sources */ = {isa = PBXBuildFile; fileRef = 0006226A1CD4C6DA00EB022B /* ViewController.m */; };
		0006226D1CD4C6DA00EB022B /* Assets.xcassets in Resources */ = {isa = PBXBuildFile; fileRef = 0006226C1CD4C6DA00EB022B /* Assets.xcassets */; };
		000622701CD4C6DA00EB022B /* Main.storyboard in Resources */ = {isa = PBXBuildFile; fileRef = 0006226E1CD4C6DA00EB022B /* Main.storyboard */; };
		0030C7941CD5B5C00081BE74 /* Youtube.xcdatamodel in Sources */ = {isa = PBXBuildFile; fileRef = 0030C7921CD5B5C00081BE74 /* Youtube.xcdatamodel */; };
		0030C7971CD5B62E0081BE74 /* WebKit.framework in Frameworks */ = {isa = PBXBuildFile; fileRef = 0030C7961CD5B62E0081BE74 /* WebKit.framework */; };
		0030C7991CD5B6380081BE74 /* Cocoa.framework in Frameworks */ = {isa = PBXBuildFile; fileRef = 0030C7981CD5B6380081BE74 /* Cocoa.framework */; };
		0030C79B1CD5B63C0081BE74 /* Foundation.framework in Frameworks */ = {isa = PBXBuildFile; fileRef = 0030C79A1CD5B63C0081BE74 /* Foundation.framework */; };
		0030C79D1CD5B6400081BE74 /* CoreData.framework in Frameworks */ = {isa = PBXBuildFile; fileRef = 0030C79C1CD5B6400081BE74 /* CoreData.framework */; };
		0030C79F1CD5B6490081BE74 /* AppKit.framework in Frameworks */ = {isa = PBXBuildFile; fileRef = 0030C79E1CD5B6480081BE74 /* AppKit.framework */; };
		0030C7A21CD5D4690081BE74 /* MainMenu.m in Sources */ = {isa = PBXBuildFile; fileRef = 0030C7A11CD5D4690081BE74 /* MainMenu.m */; };
		0030C7A51CD657220081BE74 /* MainMenu.xib in Resources */ = {isa = PBXBuildFile; fileRef = 0030C7A41CD657220081BE74 /* MainMenu.xib */; };
		005F25621CD59EA60085C8FA /* MyCustomSegue.m in Sources */ = {isa = PBXBuildFile; fileRef = 005F255F1CD59EA60085C8FA /* MyCustomSegue.m */; };
		005F25631CD59EA60085C8FA /* MyCustomAnimator.m in Sources */ = {isa = PBXBuildFile; fileRef = 005F25611CD59EA60085C8FA /* MyCustomAnimator.m */; };
		005F25661CD59F0B0085C8FA /* FeaturesViewController.m in Sources */ = {isa = PBXBuildFile; fileRef = 005F25651CD59F0B0085C8FA /* FeaturesViewController.m */; };
		005F25681CD59F9B0085C8FA /* FeaturesViewController.xib in Resources */ = {isa = PBXBuildFile; fileRef = 005F25671CD59F9B0085C8FA /* FeaturesViewController.xib */; };
		005F25701CD5A72E0085C8FA /* MyView.m in Sources */ = {isa = PBXBuildFile; fileRef = 005F256F1CD5A72E0085C8FA /* MyView.m */; };
		00FB2DD91CD561EA002C5214 /* background.png in Resources */ = {isa = PBXBuildFile; fileRef = 00FB2DD81CD561EA002C5214 /* background.png */; };
		00FF65F21CD505AB00913DB4 /* Firebase.framework in Frameworks */ = {isa = PBXBuildFile; fileRef = 00FF65F11CD505AB00913DB4 /* Firebase.framework */; };
		00FF65F41CD505C200913DB4 /* libicucore.tbd in Frameworks */ = {isa = PBXBuildFile; fileRef = 00FF65F31CD505C200913DB4 /* libicucore.tbd */; };
		00FF65F61CD505C800913DB4 /* libc++.tbd in Frameworks */ = {isa = PBXBuildFile; fileRef = 00FF65F51CD505C800913DB4 /* libc++.tbd */; };
		00FF65F81CD505CE00913DB4 /* CFNetwork.framework in Frameworks */ = {isa = PBXBuildFile; fileRef = 00FF65F71CD505CE00913DB4 /* CFNetwork.framework */; };
		00FF65FA1CD505D500913DB4 /* Security.framework in Frameworks */ = {isa = PBXBuildFile; fileRef = 00FF65F91CD505D500913DB4 /* Security.framework */; };
		00FF65FC1CD5061500913DB4 /* SystemConfiguration.framework in Frameworks */ = {isa = PBXBuildFile; fileRef = 00FF65FB1CD5061500913DB4 /* SystemConfiguration.framework */; };
/* End PBXBuildFile section */

/* Begin PBXFileReference section */
		000622601CD4C6DA00EB022B /* signsecure.app */ = {isa = PBXFileReference; explicitFileType = wrapper.application; includeInIndex = 0; path = signsecure.app; sourceTree = BUILT_PRODUCTS_DIR; };
		000622631CD4C6DA00EB022B /* AppDelegate.h */ = {isa = PBXFileReference; lastKnownFileType = sourcecode.c.h; path = AppDelegate.h; sourceTree = "<group>"; };
		000622641CD4C6DA00EB022B /* AppDelegate.m */ = {isa = PBXFileReference; lastKnownFileType = sourcecode.c.objc; path = AppDelegate.m; sourceTree = "<group>"; };
		000622671CD4C6DA00EB022B /* main.m */ = {isa = PBXFileReference; lastKnownFileType = sourcecode.c.objc; path = main.m; sourceTree = "<group>"; };
		000622691CD4C6DA00EB022B /* ViewController.h */ = {isa = PBXFileReference; lastKnownFileType = sourcecode.c.h; path = ViewController.h; sourceTree = "<group>"; };
		0006226A1CD4C6DA00EB022B /* ViewController.m */ = {isa = PBXFileReference; lastKnownFileType = sourcecode.c.objc; path = ViewController.m; sourceTree = "<group>"; };
		0006226C1CD4C6DA00EB022B /* Assets.xcassets */ = {isa = PBXFileReference; lastKnownFileType = folder.assetcatalog; path = Assets.xcassets; sourceTree = "<group>"; };
		0006226F1CD4C6DA00EB022B /* Base */ = {isa = PBXFileReference; lastKnownFileType = file.storyboard; name = Base; path = Base.lproj/Main.storyboard; sourceTree = "<group>"; };
		000622711CD4C6DA00EB022B /* Info.plist */ = {isa = PBXFileReference; lastKnownFileType = text.plist.xml; path = Info.plist; sourceTree = "<group>"; };
		0030C7921CD5B5C00081BE74 /* Youtube.xcdatamodel */ = {isa = PBXFileReference; lastKnownFileType = wrapper.xcdatamodel; path = Youtube.xcdatamodel; sourceTree = "<group>"; };
		0030C7951CD5B5E60081BE74 /* SignSecure-Prefix.pch */ = {isa = PBXFileReference; lastKnownFileType = sourcecode.c.h; path = "SignSecure-Prefix.pch"; sourceTree = "<group>"; };
		0030C7961CD5B62E0081BE74 /* WebKit.framework */ = {isa = PBXFileReference; lastKnownFileType = wrapper.framework; name = WebKit.framework; path = System/Library/Frameworks/WebKit.framework; sourceTree = SDKROOT; };
		0030C7981CD5B6380081BE74 /* Cocoa.framework */ = {isa = PBXFileReference; lastKnownFileType = wrapper.framework; name = Cocoa.framework; path = System/Library/Frameworks/Cocoa.framework; sourceTree = SDKROOT; };
		0030C79A1CD5B63C0081BE74 /* Foundation.framework */ = {isa = PBXFileReference; lastKnownFileType = wrapper.framework; name = Foundation.framework; path = System/Library/Frameworks/Foundation.framework; sourceTree = SDKROOT; };
		0030C79C1CD5B6400081BE74 /* CoreData.framework */ = {isa = PBXFileReference; lastKnownFileType = wrapper.framework; name = CoreData.framework; path = System/Library/Frameworks/CoreData.framework; sourceTree = SDKROOT; };
		0030C79E1CD5B6480081BE74 /* AppKit.framework */ = {isa = PBXFileReference; lastKnownFileType = wrapper.framework; name = AppKit.framework; path = System/Library/Frameworks/AppKit.framework; sourceTree = SDKROOT; };
		0030C7A01CD5D4690081BE74 /* MainMenu.h */ = {isa = PBXFileReference; fileEncoding = 4; lastKnownFileType = sourcecode.c.h; path = MainMenu.h; sourceTree = "<group>"; };
		0030C7A11CD5D4690081BE74 /* MainMenu.m */ = {isa = PBXFileReference; fileEncoding = 4; lastKnownFileType = sourcecode.c.objc; path = MainMenu.m; sourceTree = "<group>"; };
		0030C7A31CD657220081BE74 /* en */ = {isa = PBXFileReference; lastKnownFileType = file.xib; name = en; path = en.lproj/MainMenu.xib; sourceTree = "<group>"; };
		005F255E1CD59EA60085C8FA /* MyCustomSegue.h */ = {isa = PBXFileReference; fileEncoding = 4; lastKnownFileType = sourcecode.c.h; path = MyCustomSegue.h; sourceTree = "<group>"; };
		005F255F1CD59EA60085C8FA /* MyCustomSegue.m */ = {isa = PBXFileReference; fileEncoding = 4; lastKnownFileType = sourcecode.c.objc; path = MyCustomSegue.m; sourceTree = "<group>"; };
		005F25601CD59EA60085C8FA /* MyCustomAnimator.h */ = {isa = PBXFileReference; fileEncoding = 4; lastKnownFileType = sourcecode.c.h; path = MyCustomAnimator.h; sourceTree = "<group>"; };
		005F25611CD59EA60085C8FA /* MyCustomAnimator.m */ = {isa = PBXFileReference; fileEncoding = 4; lastKnownFileType = sourcecode.c.objc; path = MyCustomAnimator.m; sourceTree = "<group>"; };
		005F25641CD59F0B0085C8FA /* FeaturesViewController.h */ = {isa = PBXFileReference; fileEncoding = 4; lastKnownFileType = sourcecode.c.h; path = FeaturesViewController.h; sourceTree = "<group>"; };
		005F25651CD59F0B0085C8FA /* FeaturesViewController.m */ = {isa = PBXFileReference; fileEncoding = 4; lastKnownFileType = sourcecode.c.objc; path = FeaturesViewController.m; sourceTree = "<group>"; };
		005F25671CD59F9B0085C8FA /* FeaturesViewController.xib */ = {isa = PBXFileReference; fileEncoding = 4; lastKnownFileType = file.xib; path = FeaturesViewController.xib; sourceTree = "<group>"; };
		005F256E1CD5A72E0085C8FA /* MyView.h */ = {isa = PBXFileReference; fileEncoding = 4; lastKnownFileType = sourcecode.c.h; path = MyView.h; sourceTree = "<group>"; };
		005F256F1CD5A72E0085C8FA /* MyView.m */ = {isa = PBXFileReference; fileEncoding = 4; lastKnownFileType = sourcecode.c.objc; path = MyView.m; sourceTree = "<group>"; };
		00FB2DD81CD561EA002C5214 /* background.png */ = {isa = PBXFileReference; lastKnownFileType = image.png; path = background.png; sourceTree = "<group>"; };
		00FF65F11CD505AB00913DB4 /* Firebase.framework */ = {isa = PBXFileReference; lastKnownFileType = wrapper.framework; name = Firebase.framework; path = signsecure/Firebase.framework; sourceTree = "<group>"; };
		00FF65F31CD505C200913DB4 /* libicucore.tbd */ = {isa = PBXFileReference; lastKnownFileType = "sourcecode.text-based-dylib-definition"; name = libicucore.tbd; path = usr/lib/libicucore.tbd; sourceTree = SDKROOT; };
		00FF65F51CD505C800913DB4 /* libc++.tbd */ = {isa = PBXFileReference; lastKnownFileType = "sourcecode.text-based-dylib-definition"; name = "libc++.tbd"; path = "usr/lib/libc++.tbd"; sourceTree = SDKROOT; };
		00FF65F71CD505CE00913DB4 /* CFNetwork.framework */ = {isa = PBXFileReference; lastKnownFileType = wrapper.framework; name = CFNetwork.framework; path = System/Library/Frameworks/CFNetwork.framework; sourceTree = SDKROOT; };
		00FF65F91CD505D500913DB4 /* Security.framework */ = {isa = PBXFileReference; lastKnownFileType = wrapper.framework; name = Security.framework; path = System/Library/Frameworks/Security.framework; sourceTree = SDKROOT; };
		00FF65FB1CD5061500913DB4 /* SystemConfiguration.framework */ = {isa = PBXFileReference; lastKnownFileType = wrapper.framework; name = SystemConfiguration.framework; path = System/Library/Frameworks/SystemConfiguration.framework; sourceTree = SDKROOT; };
/* End PBXFileReference section */

/* Begin PBXFrameworksBuildPhase section */
		0006225D1CD4C6DA00EB022B /* Frameworks */ = {
			isa = PBXFrameworksBuildPhase;
			buildActionMask = 2147483647;
			files = (
				0030C79F1CD5B6490081BE74 /* AppKit.framework in Frameworks */,
				0030C79D1CD5B6400081BE74 /* CoreData.framework in Frameworks */,
				0030C79B1CD5B63C0081BE74 /* Foundation.framework in Frameworks */,
				0030C7991CD5B6380081BE74 /* Cocoa.framework in Frameworks */,
				0030C7971CD5B62E0081BE74 /* WebKit.framework in Frameworks */,
				00FF65FC1CD5061500913DB4 /* SystemConfiguration.framework in Frameworks */,
				00FF65FA1CD505D500913DB4 /* Security.framework in Frameworks */,
				00FF65F81CD505CE00913DB4 /* CFNetwork.framework in Frameworks */,
				00FF65F61CD505C800913DB4 /* libc++.tbd in Frameworks */,
				00FF65F41CD505C200913DB4 /* libicucore.tbd in Frameworks */,
				00FF65F21CD505AB00913DB4 /* Firebase.framework in Frameworks */,
			);
			runOnlyForDeploymentPostprocessing = 0;
		};
/* End PBXFrameworksBuildPhase section */

/* Begin PBXGroup section */
		000622571CD4C6DA00EB022B = {
			isa = PBXGroup;
			children = (
				000622621CD4C6DA00EB022B /* signsecure */,
				000622611CD4C6DA00EB022B /* Products */,
			);
			sourceTree = "<group>";
		};
		000622611CD4C6DA00EB022B /* Products */ = {
			isa = PBXGroup;
			children = (
				000622601CD4C6DA00EB022B /* signsecure.app */,
			);
			name = Products;
			sourceTree = "<group>";
		};
		000622621CD4C6DA00EB022B /* signsecure */ = {
			isa = PBXGroup;
			children = (
				00FB2DD81CD561EA002C5214 /* background.png */,
				000622631CD4C6DA00EB022B /* AppDelegate.h */,
				000622641CD4C6DA00EB022B /* AppDelegate.m */,
				0030C7A01CD5D4690081BE74 /* MainMenu.h */,
				0030C7A11CD5D4690081BE74 /* MainMenu.m */,
				0030C7A41CD657220081BE74 /* MainMenu.xib */,
				0030C7921CD5B5C00081BE74 /* Youtube.xcdatamodel */,
				005F256E1CD5A72E0085C8FA /* MyView.h */,
				005F256F1CD5A72E0085C8FA /* MyView.m */,
				005F255E1CD59EA60085C8FA /* MyCustomSegue.h */,
				005F255F1CD59EA60085C8FA /* MyCustomSegue.m */,
				005F25601CD59EA60085C8FA /* MyCustomAnimator.h */,
				005F25611CD59EA60085C8FA /* MyCustomAnimator.m */,
				000622691CD4C6DA00EB022B /* ViewController.h */,
				0006226A1CD4C6DA00EB022B /* ViewController.m */,
				0006226C1CD4C6DA00EB022B /* Assets.xcassets */,
				0006226E1CD4C6DA00EB022B /* Main.storyboard */,
				005F25641CD59F0B0085C8FA /* FeaturesViewController.h */,
				005F25651CD59F0B0085C8FA /* FeaturesViewController.m */,
				005F25671CD59F9B0085C8FA /* FeaturesViewController.xib */,
				000622711CD4C6DA00EB022B /* Info.plist */,
				0030C7951CD5B5E60081BE74 /* SignSecure-Prefix.pch */,
				00FF65FD1CD5062000913DB4 /* Frameworks */,
				000622661CD4C6DA00EB022B /* Supporting Files */,
			);
			path = signsecure;
			sourceTree = "<group>";
		};
		000622661CD4C6DA00EB022B /* Supporting Files */ = {
			isa = PBXGroup;
			children = (
				000622671CD4C6DA00EB022B /* main.m */,
			);
			name = "Supporting Files";
			sourceTree = "<group>";
		};
		00FF65FD1CD5062000913DB4 /* Frameworks */ = {
			isa = PBXGroup;
			children = (
				0030C79E1CD5B6480081BE74 /* AppKit.framework */,
				0030C79C1CD5B6400081BE74 /* CoreData.framework */,
				0030C79A1CD5B63C0081BE74 /* Foundation.framework */,
				0030C7981CD5B6380081BE74 /* Cocoa.framework */,
				0030C7961CD5B62E0081BE74 /* WebKit.framework */,
				00FF65F11CD505AB00913DB4 /* Firebase.framework */,
				00FF65FB1CD5061500913DB4 /* SystemConfiguration.framework */,
				00FF65F91CD505D500913DB4 /* Security.framework */,
				00FF65F71CD505CE00913DB4 /* CFNetwork.framework */,
				00FF65F51CD505C800913DB4 /* libc++.tbd */,
				00FF65F31CD505C200913DB4 /* libicucore.tbd */,
			);
			name = Frameworks;
			path = ..;
			sourceTree = "<group>";
		};
/* End PBXGroup section */

/* Begin PBXNativeTarget section */
		0006225F1CD4C6DA00EB022B /* signsecure */ = {
			isa = PBXNativeTarget;
			buildConfigurationList = 000622741CD4C6DA00EB022B /* Build configuration list for PBXNativeTarget "signsecure" */;
			buildPhases = (
				0006225C1CD4C6DA00EB022B /* Sources */,
				0006225D1CD4C6DA00EB022B /* Frameworks */,
				0006225E1CD4C6DA00EB022B /* Resources */,
			);
			buildRules = (
			);
			dependencies = (
			);
			name = signsecure;
			productName = signsecure;
			productReference = 000622601CD4C6DA00EB022B /* signsecure.app */;
			productType = "com.apple.product-type.application";
		};
/* End PBXNativeTarget section */

/* Begin PBXProject section */
		000622581CD4C6DA00EB022B /* Project object */ = {
			isa = PBXProject;
			attributes = {
				LastUpgradeCheck = 0730;
				ORGANIZATIONNAME = signsecure;
				TargetAttributes = {
					0006225F1CD4C6DA00EB022B = {
						CreatedOnToolsVersion = 7.3;
					};
				};
			};
			buildConfigurationList = 0006225B1CD4C6DA00EB022B /* Build configuration list for PBXProject "SignSecure" */;
			compatibilityVersion = "Xcode 3.2";
			developmentRegion = English;
			hasScannedForEncodings = 0;
			knownRegions = (
				en,
				Base,
			);
			mainGroup = 000622571CD4C6DA00EB022B;
			productRefGroup = 000622611CD4C6DA00EB022B /* Products */;
			projectDirPath = "";
			projectRoot = "";
			targets = (
				0006225F1CD4C6DA00EB022B /* signsecure */,
			);
		};
/* End PBXProject section */

/* Begin PBXResourcesBuildPhase section */
		0006225E1CD4C6DA00EB022B /* Resources */ = {
			isa = PBXResourcesBuildPhase;
			buildActionMask = 2147483647;
			files = (
				0006226D1CD4C6DA00EB022B /* Assets.xcassets in Resources */,
				0030C7A51CD657220081BE74 /* MainMenu.xib in Resources */,
				00FB2DD91CD561EA002C5214 /* background.png in Resources */,
				005F25681CD59F9B0085C8FA /* FeaturesViewController.xib in Resources */,
				000622701CD4C6DA00EB022B /* Main.storyboard in Resources */,
			);
			runOnlyForDeploymentPostprocessing = 0;
		};
/* End PBXResourcesBuildPhase section */

/* Begin PBXSourcesBuildPhase section */
		0006225C1CD4C6DA00EB022B /* Sources */ = {
			isa = PBXSourcesBuildPhase;
			buildActionMask = 2147483647;
			files = (
				005F25631CD59EA60085C8FA /* MyCustomAnimator.m in Sources */,
				005F25621CD59EA60085C8FA /* MyCustomSegue.m in Sources */,
				0006226B1CD4C6DA00EB022B /* ViewController.m in Sources */,
				000622681CD4C6DA00EB022B /* main.m in Sources */,
				0030C7941CD5B5C00081BE74 /* Youtube.xcdatamodel in Sources */,
				000622651CD4C6DA00EB022B /* AppDelegate.m in Sources */,
				005F25661CD59F0B0085C8FA /* FeaturesViewController.m in Sources */,
				005F25701CD5A72E0085C8FA /* MyView.m in Sources */,
				0030C7A21CD5D4690081BE74 /* MainMenu.m in Sources */,
			);
			runOnlyForDeploymentPostprocessing = 0;
		};
/* End PBXSourcesBuildPhase section */

/* Begin PBXVariantGroup section */
		0006226E1CD4C6DA00EB022B /* Main.storyboard */ = {
			isa = PBXVariantGroup;
			children = (
				0006226F1CD4C6DA00EB022B /* Base */,
			);
			name = Main.storyboard;
			sourceTree = "<group>";
		};
		0030C7A41CD657220081BE74 /* MainMenu.xib */ = {
			isa = PBXVariantGroup;
			children = (
				0030C7A31CD657220081BE74 /* en */,
			);
			name = MainMenu.xib;
			path = ../../../../../Downloads/Youtube/Youtube;
			sourceTree = "<group>";
		};
/* End PBXVariantGroup section */

/* Begin XCBuildConfiguration section */
		000622721CD4C6DA00EB022B /* Debug */ = {
			isa = XCBuildConfiguration;
			buildSettings = {
				ALWAYS_SEARCH_USER_PATHS = NO;
				CLANG_ANALYZER_NONNULL = YES;
				CLANG_CXX_LANGUAGE_STANDARD = "gnu++0x";
				CLANG_CXX_LIBRARY = "libc++";
				CLANG_ENABLE_MODULES = YES;
				CLANG_ENABLE_OBJC_ARC = YES;
				CLANG_WARN_BOOL_CONVERSION = YES;
				CLANG_WARN_CONSTANT_CONVERSION = YES;
				CLANG_WARN_DIRECT_OBJC_ISA_USAGE = YES_ERROR;
				CLANG_WARN_EMPTY_BODY = YES;
				CLANG_WARN_ENUM_CONVERSION = YES;
				CLANG_WARN_INT_CONVERSION = YES;
				CLANG_WARN_OBJC_ROOT_CLASS = YES_ERROR;
				CLANG_WARN_UNREACHABLE_CODE = YES;
				CLANG_WARN__DUPLICATE_METHOD_MATCH = YES;
				CODE_SIGN_IDENTITY = "-";
				COPY_PHASE_STRIP = NO;
				DEBUG_INFORMATION_FORMAT = dwarf;
				ENABLE_STRICT_OBJC_MSGSEND = YES;
				ENABLE_TESTABILITY = YES;
				GCC_C_LANGUAGE_STANDARD = gnu99;
				GCC_DYNAMIC_NO_PIC = NO;
				GCC_NO_COMMON_BLOCKS = YES;
				GCC_OPTIMIZATION_LEVEL = 0;
				GCC_PREPROCESSOR_DEFINITIONS = (
					"DEBUG=1",
					"$(inherited)",
				);
				GCC_WARN_64_TO_32_BIT_CONVERSION = YES;
				GCC_WARN_ABOUT_RETURN_TYPE = YES_ERROR;
				GCC_WARN_UNDECLARED_SELECTOR = YES;
				GCC_WARN_UNINITIALIZED_AUTOS = YES_AGGRESSIVE;
				GCC_WARN_UNUSED_FUNCTION = YES;
				GCC_WARN_UNUSED_VARIABLE = YES;
				MACOSX_DEPLOYMENT_TARGET = 10.11;
				MTL_ENABLE_DEBUG_INFO = YES;
				ONLY_ACTIVE_ARCH = YES;
				SDKROOT = macosx;
			};
			name = Debug;
		};
		000622731CD4C6DA00EB022B /* Release */ = {
			isa = XCBuildConfiguration;
			buildSettings = {
				ALWAYS_SEARCH_USER_PATHS = NO;
				CLANG_ANALYZER_NONNULL = YES;
				CLANG_CXX_LANGUAGE_STANDARD = "gnu++0x";
				CLANG_CXX_LIBRARY = "libc++";
				CLANG_ENABLE_MODULES = YES;
				CLANG_ENABLE_OBJC_ARC = YES;
				CLANG_WARN_BOOL_CONVERSION = YES;
				CLANG_WARN_CONSTANT_CONVERSION = YES;
				CLANG_WARN_DIRECT_OBJC_ISA_USAGE = YES_ERROR;
				CLANG_WARN_EMPTY_BODY = YES;
				CLANG_WARN_ENUM_CONVERSION = YES;
				CLANG_WARN_INT_CONVERSION = YES;
				CLANG_WARN_OBJC_ROOT_CLASS = YES_ERROR;
				CLANG_WARN_UNREACHABLE_CODE = YES;
				CLANG_WARN__DUPLICATE_METHOD_MATCH = YES;
				CODE_SIGN_IDENTITY = "-";
				COPY_PHASE_STRIP = NO;
				DEBUG_INFORMATION_FORMAT = "dwarf-with-dsym";
				ENABLE_NS_ASSERTIONS = NO;
				ENABLE_STRICT_OBJC_MSGSEND = YES;
				GCC_C_LANGUAGE_STANDARD = gnu99;
				GCC_NO_COMMON_BLOCKS = YES;
				GCC_WARN_64_TO_32_BIT_CONVERSION = YES;
				GCC_WARN_ABOUT_RETURN_TYPE = YES_ERROR;
				GCC_WARN_UNDECLARED_SELECTOR = YES;
				GCC_WARN_UNINITIALIZED_AUTOS = YES_AGGRESSIVE;
				GCC_WARN_UNUSED_FUNCTION = YES;
				GCC_WARN_UNUSED_VARIABLE = YES;
				MACOSX_DEPLOYMENT_TARGET = 10.11;
				MTL_ENABLE_DEBUG_INFO = NO;
				SDKROOT = macosx;
			};
			name = Release;
		};
		000622751CD4C6DA00EB022B /* Debug */ = {
			isa = XCBuildConfiguration;
			buildSettings = {
				ASSETCATALOG_COMPILER_APPICON_NAME = AppIcon;
				COMBINE_HIDPI_IMAGES = YES;
				FRAMEWORK_SEARCH_PATHS = (
					"$(inherited)",
					"$(PROJECT_DIR)/signsecure",
				);
				GCC_NO_COMMON_BLOCKS = NO;
				INFOPLIST_FILE = signsecure/Info.plist;
				LD_RUNPATH_SEARCH_PATHS = "$(inherited) @executable_path/../Frameworks";
				PRODUCT_BUNDLE_IDENTIFIER = com.signsecure.signsecure;
				PRODUCT_NAME = "$(TARGET_NAME)";
			};
			name = Debug;
		};
		000622761CD4C6DA00EB022B /* Release */ = {
			isa = XCBuildConfiguration;
			buildSettings = {
				ASSETCATALOG_COMPILER_APPICON_NAME = AppIcon;
				COMBINE_HIDPI_IMAGES = YES;
				FRAMEWORK_SEARCH_PATHS = (
					"$(inherited)",
					"$(PROJECT_DIR)/signsecure",
				);
				GCC_NO_COMMON_BLOCKS = NO;
				INFOPLIST_FILE = signsecure/Info.plist;
				LD_RUNPATH_SEARCH_PATHS = "$(inherited) @executable_path/../Frameworks";
				PRODUCT_BUNDLE_IDENTIFIER = com.signsecure.signsecure;
				PRODUCT_NAME = "$(TARGET_NAME)";
			};
			name = Release;
		};
/* End XCBuildConfiguration section */

/* Begin XCConfigurationList section */
		0006225B1CD4C6DA00EB022B /* Build configuration list for PBXProject "SignSecure" */ = {
			isa = XCConfigurationList;
			buildConfigurations = (
				000622721CD4C6DA00EB022B /* Debug */,
				000622731CD4C6DA00EB022B /* Release */,
			);
			defaultConfigurationIsVisible = 0;
			defaultConfigurationName = Release;
		};
		000622741CD4C6DA00EB022B /* Build configuration list for PBXNativeTarget "signsecure" */ = {
			isa = XCConfigurationList;
			buildConfigurations = (
				000622751CD4C6DA00EB022B /* Debug */,
				000622761CD4C6DA00EB022B /* Release */,
			);
			defaultConfigurationIsVisible = 0;
			defaultConfigurationName = Release;
		};
/* End XCConfigurationList section */
	};
	rootObject = 000622581CD4C6DA00EB022B /* Project object */;
}
